
Microsoft Visual Studio Solution File, Format Version 12.00
# Visual Studio Version 17
VisualStudioVersion = 17.13.35931.197 d17.13
MinimumVisualStudioVersion = 10.0.40219.1
Project("{FAE04EC0-301F-11D3-BF4B-00C04F79EFBC}") = "HOSPISIM", "HOSPISIM.csproj", "{22EFC382-6BFE-4910-AB5B-A304F321E241}"
EndProject
Global
	GlobalSection(SolutionConfigurationPlatforms) = preSolution
		Debug|Any CPU = Debug|Any CPU
		Release|Any CPU = Release|Any CPU
	EndGlobalSection
	GlobalSection(ProjectConfigurationPlatforms) = postSolution
		{22EFC382-6BFE-4910-AB5B-A304F321E241}.Debug|Any CPU.ActiveCfg = Debug|Any CPU
		{22EFC382-6BFE-4910-AB5B-A304F321E241}.Debug|Any CPU.Build.0 = Debug|Any CPU
		{22EFC382-6BFE-4910-AB5B-A304F321E241}.Release|Any CPU.ActiveCfg = Release|Any CPU
		{22EFC382-6BFE-4910-AB5B-A304F321E241}.Release|Any CPU.Build.0 = Release|Any CPU
	EndGlobalSection
	GlobalSection(SolutionProperties) = preSolution
		HideSolutionNode = FALSE
	EndGlobalSection
	GlobalSection(ExtensibilityGlobals) = postSolution
		SolutionGuid = {137248D1-CB90-4625-8BE2-343FBA6E915D}
	EndGlobalSection
EndGlobal
